// !$*UTF8*$!
{
	archiveVersion = 1;
	classes = {
	};
	objectVersion = 77;
	objects = {

/* Begin PBXContainerItemProxy section */
		BD25908E2D4D468F0035CFE0 /* PBXContainerItemProxy */ = {
			isa = PBXContainerItemProxy;
			containerPortal = BD2590752D4D468D0035CFE0 /* Project object */;
			proxyType = 1;
			remoteGlobalIDString = BD25907C2D4D468D0035CFE0;
			remoteInfo = GuessTheFlag;
		};
		BD2590982D4D468F0035CFE0 /* PBXContainerItemProxy */ = {
			isa = PBXContainerItemProxy;
			containerPortal = BD2590752D4D468D0035CFE0 /* Project object */;
			proxyType = 1;
			remoteGlobalIDString = BD25907C2D4D468D0035CFE0;
			remoteInfo = GuessTheFlag;
		};
/* End PBXContainerItemProxy section */

/* Begin PBXFileReference section */
		BD25907D2D4D468D0035CFE0 /* GuessTheFlag.app */ = {isa = PBXFileReference; explicitFileType = wrapper.application; includeInIndex = 0; path = GuessTheFlag.app; sourceTree = BUILT_PRODUCTS_DIR; };
		BD25908D2D4D468F0035CFE0 /* GuessTheFlagTests.xctest */ = {isa = PBXFileReference; explicitFileType = wrapper.cfbundle; includeInIndex = 0; path = GuessTheFlagTests.xctest; sourceTree = BUILT_PRODUCTS_DIR; };
		BD2590972D4D468F0035CFE0 /* GuessTheFlagUITests.xctest */ = {isa = PBXFileReference; explicitFileType = wrapper.cfbundle; includeInIndex = 0; path = GuessTheFlagUITests.xctest; sourceTree = BUILT_PRODUCTS_DIR; };
/* End PBXFileReference section */

/* Begin PBXFileSystemSynchronizedRootGroup section */
		BD25907F2D4D468D0035CFE0 /* GuessTheFlag */ = {
			isa = PBXFileSystemSynchronizedRootGroup;
			path = GuessTheFlag;
			sourceTree = "<group>";
		};
		BD2590902D4D468F0035CFE0 /* GuessTheFlagTests */ = {
			isa = PBXFileSystemSynchronizedRootGroup;
			path = GuessTheFlagTests;
			sourceTree = "<group>";
		};
		BD25909A2D4D468F0035CFE0 /* GuessTheFlagUITests */ = {
			isa = PBXFileSystemSynchronizedRootGroup;
			path = GuessTheFlagUITests;
			sourceTree = "<group>";
		};
/* End PBXFileSystemSynchronizedRootGroup section */

/* Begin PBXFrameworksBuildPhase section */
		BD25907A2D4D468D0035CFE0 /* Frameworks */ = {
			isa = PBXFrameworksBuildPhase;
			buildActionMask = 2147483647;
			files = (
			);
			runOnlyForDeploymentPostprocessing = 0;
		};
		BD25908A2D4D468F0035CFE0 /* Frameworks */ = {
			isa = PBXFrameworksBuildPhase;
			buildActionMask = 2147483647;
			files = (
			);
			runOnlyForDeploymentPostprocessing = 0;
		};
		BD2590942D4D468F0035CFE0 /* Frameworks */ = {
			isa = PBXFrameworksBuildPhase;
			buildActionMask = 2147483647;
			files = (
			);
			runOnlyForDeploymentPostprocessing = 0;
		};
/* End PBXFrameworksBuildPhase section */

/* Begin PBXGroup section */
		BD2590742D4D468D0035CFE0 = {
			isa = PBXGroup;
			children = (
				BD25907F2D4D468D0035CFE0 /* GuessTheFlag */,
				BD2590902D4D468F0035CFE0 /* GuessTheFlagTests */,
				BD25909A2D4D468F0035CFE0 /* GuessTheFlagUITests */,
				BD25907E2D4D468D0035CFE0 /* Products */,
			);
			sourceTree = "<group>";
		};
		BD25907E2D4D468D0035CFE0 /* Products */ = {
			isa = PBXGroup;
			children = (
				BD25907D2D4D468D0035CFE0 /* GuessTheFlag.app */,
				BD25908D2D4D468F0035CFE0 /* GuessTheFlagTests.xctest */,
				BD2590972D4D468F0035CFE0 /* GuessTheFlagUITests.xctest */,
			);
			name = Products;
			sourceTree = "<group>";
		};
/* End PBXGroup section */

/* Begin PBXNativeTarget section */
		BD25907C2D4D468D0035CFE0 /* GuessTheFlag */ = {
			isa = PBXNativeTarget;
			buildConfigurationList = BD2590A12D4D468F0035CFE0 /* Build configuration list for PBXNativeTarget "GuessTheFlag" */;
			buildPhases = (
				BD2590792D4D468D0035CFE0 /* Sources */,
				BD25907A2D4D468D0035CFE0 /* Frameworks */,
				BD25907B2D4D468D0035CFE0 /* Resources */,
			);
			buildRules = (
			);
			dependencies = (
			);
			fileSystemSynchronizedGroups = (
				BD25907F2D4D468D0035CFE0 /* GuessTheFlag */,
			);
			name = GuessTheFlag;
			packageProductDependencies = (
			);
			productName = GuessTheFlag;
			productReference = BD25907D2D4D468D0035CFE0 /* GuessTheFlag.app */;
			productType = "com.apple.product-type.application";
		};
		BD25908C2D4D468F0035CFE0 /* GuessTheFlagTests */ = {
			isa = PBXNativeTarget;
			buildConfigurationList = BD2590A42D4D468F0035CFE0 /* Build configuration list for PBXNativeTarget "GuessTheFlagTests" */;
			buildPhases = (
				BD2590892D4D468F0035CFE0 /* Sources */,
				BD25908A2D4D468F0035CFE0 /* Frameworks */,
				BD25908B2D4D468F0035CFE0 /* Resources */,
			);
			buildRules = (
			);
			dependencies = (
				BD25908F2D4D468F0035CFE0 /* PBXTargetDependency */,
			);
			fileSystemSynchronizedGroups = (
				BD2590902D4D468F0035CFE0 /* GuessTheFlagTests */,
			);
			name = GuessTheFlagTests;
			packageProductDependencies = (
			);
			productName = GuessTheFlagTests;
			productReference = BD25908D2D4D468F0035CFE0 /* GuessTheFlagTests.xctest */;
			productType = "com.apple.product-type.bundle.unit-test";
		};
		BD2590962D4D468F0035CFE0 /* GuessTheFlagUITests */ = {
			isa = PBXNativeTarget;
			buildConfigurationList = BD2590A72D4D468F0035CFE0 /* Build configuration list for PBXNativeTarget "GuessTheFlagUITests" */;
			buildPhases = (
				BD2590932D4D468F0035CFE0 /* Sources */,
				BD2590942D4D468F0035CFE0 /* Frameworks */,
				BD2590952D4D468F0035CFE0 /* Resources */,
			);
			buildRules = (
			);
			dependencies = (
				BD2590992D4D468F0035CFE0 /* PBXTargetDependency */,
			);
			fileSystemSynchronizedGroups = (
				BD25909A2D4D468F0035CFE0 /* GuessTheFlagUITests */,
			);
			name = GuessTheFlagUITests;
			packageProductDependencies = (
			);
			productName = GuessTheFlagUITests;
			productReference = BD2590972D4D468F0035CFE0 /* GuessTheFlagUITests.xctest */;
			productType = "com.apple.product-type.bundle.ui-testing";
		};
/* End PBXNativeTarget section */

/* Begin PBXProject section */
		BD2590752D4D468D0035CFE0 /* Project object */ = {
			isa = PBXProject;
			attributes = {
				BuildIndependentTargetsInParallel = 1;
				LastSwiftUpdateCheck = 1620;
				LastUpgradeCheck = 1620;
				TargetAttributes = {
					BD25907C2D4D468D0035CFE0 = {
						CreatedOnToolsVersion = 16.2;
					};
					BD25908C2D4D468F0035CFE0 = {
						CreatedOnToolsVersion = 16.2;
						TestTargetID = BD25907C2D4D468D0035CFE0;
					};
					BD2590962D4D468F0035CFE0 = {
						CreatedOnToolsVersion = 16.2;
						TestTargetID = BD25907C2D4D468D0035CFE0;
					};
				};
			};
			buildConfigurationList = BD2590782D4D468D0035CFE0 /* Build configuration list for PBXProject "GuessTheFlag" */;
			developmentRegion = en;
			hasScannedForEncodings = 0;
			knownRegions = (
				en,
				Base,
			);
			mainGroup = BD2590742D4D468D0035CFE0;
			minimizedProjectReferenceProxies = 1;
			preferredProjectObjectVersion = 77;
			productRefGroup = BD25907E2D4D468D0035CFE0 /* Products */;
			projectDirPath = "";
			projectRoot = "";
			targets = (
				BD25907C2D4D468D0035CFE0 /* GuessTheFlag */,
				BD25908C2D4D468F0035CFE0 /* GuessTheFlagTests */,
				BD2590962D4D468F0035CFE0 /* GuessTheFlagUITests */,
			);
		};
/* End PBXProject section */

/* Begin PBXResourcesBuildPhase section */
		BD25907B2D4D468D0035CFE0 /* Resources */ = {
			isa = PBXResourcesBuildPhase;
			buildActionMask = 2147483647;
			files = (
			);
			runOnlyForDeploymentPostprocessing = 0;
		};
		BD25908B2D4D468F0035CFE0 /* Resources */ = {
			isa = PBXResourcesBuildPhase;
			buildActionMask = 2147483647;
			files = (
			);
			runOnlyForDeploymentPostprocessing = 0;
		};
		BD2590952D4D468F0035CFE0 /* Resources */ = {
			isa = PBXResourcesBuildPhase;
			buildActionMask = 2147483647;
			files = (
			);
			runOnlyForDeploymentPostprocessing = 0;
		};
/* End PBXResourcesBuildPhase section */

/* Begin PBXSourcesBuildPhase section */
		BD2590792D4D468D0035CFE0 /* Sources */ = {
			isa = PBXSourcesBuildPhase;
			buildActionMask = 2147483647;
			files = (
			);
			runOnlyForDeploymentPostprocessing = 0;
		};
		BD2590892D4D468F0035CFE0 /* Sources */ = {
			isa = PBXSourcesBuildPhase;
			buildActionMask = 2147483647;
			files = (
			);
			runOnlyForDeploymentPostprocessing = 0;
		};
		BD2590932D4D468F0035CFE0 /* Sources */ = {
			isa = PBXSourcesBuildPhase;
			buildActionMask = 2147483647;
			files = (
			);
			runOnlyForDeploymentPostprocessing = 0;
		};
/* End PBXSourcesBuildPhase section */

/* Begin PBXTargetDependency section */
		BD25908F2D4D468F0035CFE0 /* PBXTargetDependency */ = {
			isa = PBXTargetDependency;
			target = BD25907C2D4D468D0035CFE0 /* GuessTheFlag */;
			targetProxy = BD25908E2D4D468F0035CFE0 /* PBXContainerItemProxy */;
		};
		BD2590992D4D468F0035CFE0 /* PBXTargetDependency */ = {
			isa = PBXTargetDependency;
			target = BD25907C2D4D468D0035CFE0 /* GuessTheFlag */;
			targetProxy = BD2590982D4D468F0035CFE0 /* PBXContainerItemProxy */;
		};
/* End PBXTargetDependency section */

/* Begin XCBuildConfiguration section */
		BD25909F2D4D468F0035CFE0 /* Debug */ = {
			isa = XCBuildConfiguration;
			buildSettings = {
				ALWAYS_SEARCH_USER_PATHS = NO;
				ASSETCATALOG_COMPILER_GENERATE_SWIFT_ASSET_SYMBOL_EXTENSIONS = YES;
				CLANG_ANALYZER_NONNULL = YES;
				CLANG_ANALYZER_NUMBER_OBJECT_CONVERSION = YES_AGGRESSIVE;
				CLANG_CXX_LANGUAGE_STANDARD = "gnu++20";
				CLANG_ENABLE_MODULES = YES;
				CLANG_ENABLE_OBJC_ARC = YES;
				CLANG_ENABLE_OBJC_WEAK = YES;
				CLANG_WARN_BLOCK_CAPTURE_AUTORELEASING = YES;
				CLANG_WARN_BOOL_CONVERSION = YES;
				CLANG_WARN_COMMA = YES;
				CLANG_WARN_CONSTANT_CONVERSION = YES;
				CLANG_WARN_DEPRECATED_OBJC_IMPLEMENTATIONS = YES;
				CLANG_WARN_DIRECT_OBJC_ISA_USAGE = YES_ERROR;
				CLANG_WARN_DOCUMENTATION_COMMENTS = YES;
				CLANG_WARN_EMPTY_BODY = YES;
				CLANG_WARN_ENUM_CONVERSION = YES;
				CLANG_WARN_INFINITE_RECURSION = YES;
				CLANG_WARN_INT_CONVERSION = YES;
				CLANG_WARN_NON_LITERAL_NULL_CONVERSION = YES;
				CLANG_WARN_OBJC_IMPLICIT_RETAIN_SELF = YES;
				CLANG_WARN_OBJC_LITERAL_CONVERSION = YES;
				CLANG_WARN_OBJC_ROOT_CLASS = YES_ERROR;
				CLANG_WARN_QUOTED_INCLUDE_IN_FRAMEWORK_HEADER = YES;
				CLANG_WARN_RANGE_LOOP_ANALYSIS = YES;
				CLANG_WARN_STRICT_PROTOTYPES = YES;
				CLANG_WARN_SUSPICIOUS_MOVE = YES;
				CLANG_WARN_UNGUARDED_AVAILABILITY = YES_AGGRESSIVE;
				CLANG_WARN_UNREACHABLE_CODE = YES;
				CLANG_WARN__DUPLICATE_METHOD_MATCH = YES;
				COPY_PHASE_STRIP = NO;
				DEBUG_INFORMATION_FORMAT = dwarf;
				ENABLE_STRICT_OBJC_MSGSEND = YES;
				ENABLE_TESTABILITY = YES;
				ENABLE_USER_SCRIPT_SANDBOXING = YES;
				GCC_C_LANGUAGE_STANDARD = gnu17;
				GCC_DYNAMIC_NO_PIC = NO;
				GCC_NO_COMMON_BLOCKS = YES;
				GCC_OPTIMIZATION_LEVEL = 0;
				GCC_PREPROCESSOR_DEFINITIONS = (
					"DEBUG=1",
					"$(inherited)",
				);
				GCC_WARN_64_TO_32_BIT_CONVERSION = YES;
				GCC_WARN_ABOUT_RETURN_TYPE = YES_ERROR;
				GCC_WARN_UNDECLARED_SELECTOR = YES;
				GCC_WARN_UNINITIALIZED_AUTOS = YES_AGGRESSIVE;
				GCC_WARN_UNUSED_FUNCTION = YES;
				GCC_WARN_UNUSED_VARIABLE = YES;
				IPHONEOS_DEPLOYMENT_TARGET = 18.2;
				LOCALIZATION_PREFERS_STRING_CATALOGS = YES;
				MTL_ENABLE_DEBUG_INFO = INCLUDE_SOURCE;
				MTL_FAST_MATH = YES;
				ONLY_ACTIVE_ARCH = YES;
				SDKROOT = iphoneos;
				SWIFT_ACTIVE_COMPILATION_CONDITIONS = "DEBUG $(inherited)";
				SWIFT_OPTIMIZATION_LEVEL = "-Onone";
			};
			name = Debug;
		};
		BD2590A02D4D468F0035CFE0 /* Release */ = {
			isa = XCBuildConfiguration;
			buildSettings = {
				ALWAYS_SEARCH_USER_PATHS = NO;
				ASSETCATALOG_COMPILER_GENERATE_SWIFT_ASSET_SYMBOL_EXTENSIONS = YES;
				CLANG_ANALYZER_NONNULL = YES;
				CLANG_ANALYZER_NUMBER_OBJECT_CONVERSION = YES_AGGRESSIVE;
				CLANG_CXX_LANGUAGE_STANDARD = "gnu++20";
				CLANG_ENABLE_MODULES = YES;
				CLANG_ENABLE_OBJC_ARC = YES;
				CLANG_ENABLE_OBJC_WEAK = YES;
				CLANG_WARN_BLOCK_CAPTURE_AUTORELEASING = YES;
				CLANG_WARN_BOOL_CONVERSION = YES;
				CLANG_WARN_COMMA = YES;
				CLANG_WARN_CONSTANT_CONVERSION = YES;
				CLANG_WARN_DEPRECATED_OBJC_IMPLEMENTATIONS = YES;
				CLANG_WARN_DIRECT_OBJC_ISA_USAGE = YES_ERROR;
				CLANG_WARN_DOCUMENTATION_COMMENTS = YES;
				CLANG_WARN_EMPTY_BODY = YES;
				CLANG_WARN_ENUM_CONVERSION = YES;
				CLANG_WARN_INFINITE_RECURSION = YES;
				CLANG_WARN_INT_CONVERSION = YES;
				CLANG_WARN_NON_LITERAL_NULL_CONVERSION = YES;
				CLANG_WARN_OBJC_IMPLICIT_RETAIN_SELF = YES;
				CLANG_WARN_OBJC_LITERAL_CONVERSION = YES;
				CLANG_WARN_OBJC_ROOT_CLASS = YES_ERROR;
				CLANG_WARN_QUOTED_INCLUDE_IN_FRAMEWORK_HEADER = YES;
				CLANG_WARN_RANGE_LOOP_ANALYSIS = YES;
				CLANG_WARN_STRICT_PROTOTYPES = YES;
				CLANG_WARN_SUSPICIOUS_MOVE = YES;
				CLANG_WARN_UNGUARDED_AVAILABILITY = YES_AGGRESSIVE;
				CLANG_WARN_UNREACHABLE_CODE = YES;
				CLANG_WARN__DUPLICATE_METHOD_MATCH = YES;
				COPY_PHASE_STRIP = NO;
				DEBUG_INFORMATION_FORMAT = "dwarf-with-dsym";
				ENABLE_NS_ASSERTIONS = NO;
				ENABLE_STRICT_OBJC_MSGSEND = YES;
				ENABLE_USER_SCRIPT_SANDBOXING = YES;
				GCC_C_LANGUAGE_STANDARD = gnu17;
				GCC_NO_COMMON_BLOCKS = YES;
				GCC_WARN_64_TO_32_BIT_CONVERSION = YES;
				GCC_WARN_ABOUT_RETURN_TYPE = YES_ERROR;
				GCC_WARN_UNDECLARED_SELECTOR = YES;
				GCC_WARN_UNINITIALIZED_AUTOS = YES_AGGRESSIVE;
				GCC_WARN_UNUSED_FUNCTION = YES;
				GCC_WARN_UNUSED_VARIABLE = YES;
				IPHONEOS_DEPLOYMENT_TARGET = 18.2;
				LOCALIZATION_PREFERS_STRING_CATALOGS = YES;
				MTL_ENABLE_DEBUG_INFO = NO;
				MTL_FAST_MATH = YES;
				SDKROOT = iphoneos;
				SWIFT_COMPILATION_MODE = wholemodule;
				VALIDATE_PRODUCT = YES;
			};
			name = Release;
		};
		BD2590A22D4D468F0035CFE0 /* Debug */ = {
			isa = XCBuildConfiguration;
			buildSettings = {
				ASSETCATALOG_COMPILER_APPICON_NAME = AppIcon;
				ASSETCATALOG_COMPILER_GLOBAL_ACCENT_COLOR_NAME = AccentColor;
				CODE_SIGN_STYLE = Automatic;
				CURRENT_PROJECT_VERSION = 1;
				DEVELOPMENT_ASSET_PATHS = "\"GuessTheFlag/Preview Content\"";
				DEVELOPMENT_TEAM = R78BH5UVL8;
				ENABLE_PREVIEWS = YES;
				GENERATE_INFOPLIST_FILE = YES;
				INFOPLIST_KEY_UIApplicationSceneManifest_Generation = YES;
				INFOPLIST_KEY_UIApplicationSupportsIndirectInputEvents = YES;
				INFOPLIST_KEY_UILaunchScreen_Generation = YES;
				INFOPLIST_KEY_UISupportedInterfaceOrientations_iPad = "UIInterfaceOrientationPortrait UIInterfaceOrientationPortraitUpsideDown UIInterfaceOrientationLandscapeLeft UIInterfaceOrientationLandscapeRight";
				INFOPLIST_KEY_UISupportedInterfaceOrientations_iPhone = "UIInterfaceOrientationPortrait UIInterfaceOrientationLandscapeLeft UIInterfaceOrientationLandscapeRight";
				LD_RUNPATH_SEARCH_PATHS = (
					"$(inherited)",
					"@executable_path/Frameworks",
				);
				MARKETING_VERSION = 1.0;
				PRODUCT_BUNDLE_IDENTIFIER = AyushPatra.GuessTheFlag;
				PRODUCT_NAME = "$(TARGET_NAME)";
				SWIFT_EMIT_LOC_STRINGS = YES;
				SWIFT_VERSION = 5.0;
				TARGETED_DEVICE_FAMILY = "1,2";
			};
			name = Debug;
		};
		BD2590A32D4D468F0035CFE0 /* Release */ = {
			isa = XCBuildConfiguration;
			buildSettings = {
				ASSETCATALOG_COMPILER_APPICON_NAME = AppIcon;
				ASSETCATALOG_COMPILER_GLOBAL_ACCENT_COLOR_NAME = AccentColor;
				CODE_SIGN_STYLE = Automatic;
				CURRENT_PROJECT_VERSION = 1;
				DEVELOPMENT_ASSET_PATHS = "\"GuessTheFlag/Preview Content\"";
				DEVELOPMENT_TEAM = R78BH5UVL8;
				ENABLE_PREVIEWS = YES;
				GENERATE_INFOPLIST_FILE = YES;
				INFOPLIST_KEY_UIApplicationSceneManifest_Generation = YES;
				INFOPLIST_KEY_UIApplicationSupportsIndirectInputEvents = YES;
				INFOPLIST_KEY_UILaunchScreen_Generation = YES;
				INFOPLIST_KEY_UISupportedInterfaceOrientations_iPad = "UIInterfaceOrientationPortrait UIInterfaceOrientationPortraitUpsideDown UIInterfaceOrientationLandscapeLeft UIInterfaceOrientationLandscapeRight";
				INFOPLIST_KEY_UISupportedInterfaceOrientations_iPhone = "UIInterfaceOrientationPortrait UIInterfaceOrientationLandscapeLeft UIInterfaceOrientationLandscapeRight";
				LD_RUNPATH_SEARCH_PATHS = (
					"$(inherited)",
					"@executable_path/Frameworks",
				);
				MARKETING_VERSION = 1.0;
				PRODUCT_BUNDLE_IDENTIFIER = AyushPatra.GuessTheFlag;
				PRODUCT_NAME = "$(TARGET_NAME)";
				SWIFT_EMIT_LOC_STRINGS = YES;
				SWIFT_VERSION = 5.0;
				TARGETED_DEVICE_FAMILY = "1,2";
			};
			name = Release;
		};
		BD2590A52D4D468F0035CFE0 /* Debug */ = {
			isa = XCBuildConfiguration;
			buildSettings = {
				BUNDLE_LOADER = "$(TEST_HOST)";
				CODE_SIGN_STYLE = Automatic;
				CURRENT_PROJECT_VERSION = 1;
				DEVELOPMENT_TEAM = R78BH5UVL8;
				GENERATE_INFOPLIST_FILE = YES;
				IPHONEOS_DEPLOYMENT_TARGET = 18.2;
				MARKETING_VERSION = 1.0;
				PRODUCT_BUNDLE_IDENTIFIER = AyushPatra.GuessTheFlagTests;
				PRODUCT_NAME = "$(TARGET_NAME)";
				SWIFT_EMIT_LOC_STRINGS = NO;
				SWIFT_VERSION = 5.0;
				TARGETED_DEVICE_FAMILY = "1,2";
				TEST_HOST = "$(BUILT_PRODUCTS_DIR)/GuessTheFlag.app/$(BUNDLE_EXECUTABLE_FOLDER_PATH)/GuessTheFlag";
			};
			name = Debug;
		};
		BD2590A62D4D468F0035CFE0 /* Release */ = {
			isa = XCBuildConfiguration;
			buildSettings = {
				BUNDLE_LOADER = "$(TEST_HOST)";
				CODE_SIGN_STYLE = Automatic;
				CURRENT_PROJECT_VERSION = 1;
				DEVELOPMENT_TEAM = R78BH5UVL8;
				GENERATE_INFOPLIST_FILE = YES;
				IPHONEOS_DEPLOYMENT_TARGET = 18.2;
				MARKETING_VERSION = 1.0;
				PRODUCT_BUNDLE_IDENTIFIER = AyushPatra.GuessTheFlagTests;
				PRODUCT_NAME = "$(TARGET_NAME)";
				SWIFT_EMIT_LOC_STRINGS = NO;
				SWIFT_VERSION = 5.0;
				TARGETED_DEVICE_FAMILY = "1,2";
				TEST_HOST = "$(BUILT_PRODUCTS_DIR)/GuessTheFlag.app/$(BUNDLE_EXECUTABLE_FOLDER_PATH)/GuessTheFlag";
			};
			name = Release;
		};
		BD2590A82D4D468F0035CFE0 /* Debug */ = {
			isa = XCBuildConfiguration;
			buildSettings = {
				CODE_SIGN_STYLE = Automatic;
				CURRENT_PROJECT_VERSION = 1;
				DEVELOPMENT_TEAM = R78BH5UVL8;
				GENERATE_INFOPLIST_FILE = YES;
				MARKETING_VERSION = 1.0;
				PRODUCT_BUNDLE_IDENTIFIER = AyushPatra.GuessTheFlagUITests;
				PRODUCT_NAME = "$(TARGET_NAME)";
				SWIFT_EMIT_LOC_STRINGS = NO;
				SWIFT_VERSION = 5.0;
				TARGETED_DEVICE_FAMILY = "1,2";
				TEST_TARGET_NAME = GuessTheFlag;
			};
			name = Debug;
		};
		BD2590A92D4D468F0035CFE0 /* Release */ = {
			isa = XCBuildConfiguration;
			buildSettings = {
				CODE_SIGN_STYLE = Automatic;
				CURRENT_PROJECT_VERSION = 1;
				DEVELOPMENT_TEAM = R78BH5UVL8;
				GENERATE_INFOPLIST_FILE = YES;
				MARKETING_VERSION = 1.0;
				PRODUCT_BUNDLE_IDENTIFIER = AyushPatra.GuessTheFlagUITests;
				PRODUCT_NAME = "$(TARGET_NAME)";
				SWIFT_EMIT_LOC_STRINGS = NO;
				SWIFT_VERSION = 5.0;
				TARGETED_DEVICE_FAMILY = "1,2";
				TEST_TARGET_NAME = GuessTheFlag;
			};
			name = Release;
		};
/* End XCBuildConfiguration section */

/* Begin XCConfigurationList section */
		BD2590782D4D468D0035CFE0 /* Build configuration list for PBXProject "GuessTheFlag" */ = {
			isa = XCConfigurationList;
			buildConfigurations = (
				BD25909F2D4D468F0035CFE0 /* Debug */,
				BD2590A02D4D468F0035CFE0 /* Release */,
			);
			defaultConfigurationIsVisible = 0;
			defaultConfigurationName = Release;
		};
		BD2590A12D4D468F0035CFE0 /* Build configuration list for PBXNativeTarget "GuessTheFlag" */ = {
			isa = XCConfigurationList;
			buildConfigurations = (
				BD2590A22D4D468F0035CFE0 /* Debug */,
				BD2590A32D4D468F0035CFE0 /* Release */,
			);
			defaultConfigurationIsVisible = 0;
			defaultConfigurationName = Release;
		};
		BD2590A42D4D468F0035CFE0 /* Build configuration list for PBXNativeTarget "GuessTheFlagTests" */ = {
			isa = XCConfigurationList;
			buildConfigurations = (
				BD2590A52D4D468F0035CFE0 /* Debug */,
				BD2590A62D4D468F0035CFE0 /* Release */,
			);
			defaultConfigurationIsVisible = 0;
			defaultConfigurationName = Release;
		};
		BD2590A72D4D468F0035CFE0 /* Build configuration list for PBXNativeTarget "GuessTheFlagUITests" */ = {
			isa = XCConfigurationList;
			buildConfigurations = (
				BD2590A82D4D468F0035CFE0 /* Debug */,
				BD2590A92D4D468F0035CFE0 /* Release */,
			);
			defaultConfigurationIsVisible = 0;
			defaultConfigurationName = Release;
		};
/* End XCConfigurationList section */
	};
	rootObject = BD2590752D4D468D0035CFE0 /* Project object */;
}
